
Microsoft Visual Studio Solution File, Format Version 12.00
# Visual Studio Version 17
VisualStudioVersion = 17.2.32630.192
MinimumVisualStudioVersion = 10.0.40219.1
Project("{FAE04EC0-301F-11D3-BF4B-00C04F79EFBC}") = "To Do software", "To Do software\To Do software.csproj", "{9F944FD2-92ED-4CA3-A106-5B1EDF860043}"
EndProject
Global
	GlobalSection(SolutionConfigurationPlatforms) = preSolution
		Debug|Any CPU = Debug|Any CPU
		Release|Any CPU = Release|Any CPU
	EndGlobalSection
	GlobalSection(ProjectConfigurationPlatforms) = postSolution
		{9F944FD2-92ED-4CA3-A106-5B1EDF860043}.Debug|Any CPU.ActiveCfg = Debug|Any CPU
		{9F944FD2-92ED-4CA3-A106-5B1EDF860043}.Debug|Any CPU.Build.0 = Debug|Any CPU
		{9F944FD2-92ED-4CA3-A106-5B1EDF860043}.Release|Any CPU.ActiveCfg = Release|Any CPU
		{9F944FD2-92ED-4CA3-A106-5B1EDF860043}.Release|Any CPU.Build.0 = Release|Any CPU
	EndGlobalSection
	GlobalSection(SolutionProperties) = preSolution
		HideSolutionNode = FALSE
	EndGlobalSection
	GlobalSection(ExtensibilityGlobals) = postSolution
		SolutionGuid = {199036F6-835D-4D5E-9EA9-ED9540EADB13}
	EndGlobalSection
EndGlobal
